
Microsoft Visual Studio Solution File, Format Version 12.00
# Visual Studio Version 17
VisualStudioVersion = 17.14.36705.20 d17.14
MinimumVisualStudioVersion = 10.0.40219.1
Project("{FAE04EC0-301F-11D3-BF4B-00C04F79EFBC}") = "2025-12-02-CS", "2025-12-02-CS.csproj", "{0468E230-F7A7-47EF-BF85-4F6E18724EFB}"
EndProject
Global
	GlobalSection(SolutionConfigurationPlatforms) = preSolution
		Debug|Any CPU = Debug|Any CPU
		Release|Any CPU = Release|Any CPU
	EndGlobalSection
	GlobalSection(ProjectConfigurationPlatforms) = postSolution
		{0468E230-F7A7-47EF-BF85-4F6E18724EFB}.Debug|Any CPU.ActiveCfg = Debug|Any CPU
		{0468E230-F7A7-47EF-BF85-4F6E18724EFB}.Debug|Any CPU.Build.0 = Debug|Any CPU
		{0468E230-F7A7-47EF-BF85-4F6E18724EFB}.Release|Any CPU.ActiveCfg = Release|Any CPU
		{0468E230-F7A7-47EF-BF85-4F6E18724EFB}.Release|Any CPU.Build.0 = Release|Any CPU
	EndGlobalSection
	GlobalSection(SolutionProperties) = preSolution
		HideSolutionNode = FALSE
	EndGlobalSection
	GlobalSection(ExtensibilityGlobals) = postSolution
		SolutionGuid = {060F6DB5-8974-4FB8-86AF-F8C6D8FA80DE}
	EndGlobalSection
EndGlobal
